{
  "version": 4,
  "terraform_version": "1.11.4",
  "serial": 11,
  "lineage": "51af3640-6f25-3b93-3ee8-0a6f0c1d66ad",
  "outputs": {
    "cluster_name": {
      "value": "wiz-eks-cluster",
      "type": "string"
    },
    "kubeconfig_command": {
      "value": "aws eks --region us-west-2 update-kubeconfig --name wiz-eks-cluster",
      "type": "string"
    }
  },
  "resources": [
    {
      "mode": "data",
      "type": "aws_eks_cluster_auth",
      "name": "eks",
      "provider": "provider[\"registry.terraform.io/hashicorp/aws\"]",
      "instances": [
        {
          "schema_version": 0,
          "attributes": {
            "id": "wiz-eks-cluster",
            "name": "wiz-eks-cluster",
            "token": "k8s-aws-v1.aHR0cHM6Ly9zdHMudXMtd2VzdC0yLmFtYXpvbmF3cy5jb20vP0FjdGlvbj1HZXRDYWxsZXJJZGVudGl0eSZWZXJzaW9uPTIwMTEtMDYtMTUmWC1BbXotQWxnb3JpdGhtPUFXUzQtSE1BQy1TSEEyNTYmWC1BbXotQ3JlZGVudGlhbD1BU0lBUVdIQ1BUNExMMjRQWFBMSiUyRjIwMjUwNTE2JTJGdXMtd2VzdC0yJTJGc3RzJTJGYXdzNF9yZXF1ZXN0JlgtQW16LURhdGU9MjAyNTA1MTZUMDcwNDU0WiZYLUFtei1FeHBpcmVzPTAmWC1BbXotU2VjdXJpdHktVG9rZW49SVFvSmIzSnBaMmx1WDJWakVJZiUyRiUyRiUyRiUyRiUyRiUyRiUyRiUyRiUyRiUyRndFYUNYVnpMWGRsYzNRdE1pSklNRVlDSVFEUlJjWUlKenpxUU95a01QN3BYaGhTemdVR3VEd01pbFBWekEyeXFwNTFLZ0loQU1MZDBZYnM4cCUyRnViY0pNTkJRb0VlOHElMkJGZHc1UnpNVzlXaDJab2lwZldSS3RrRENFQVFBQm9NTURRM056RTVOakl3TXpjMElneFEzTkpDbEJSSGxzY3FUWUFxdGdNang3TlNGT1FYVmxsVG9rVHhUUWZoeDNEcWYybDRldXMlMkY4czBPNmJPa2FxYk0lMkJReFdlZzFRJTJCMmhZOHZsT2pRWUNkYWtPZSUyRnVMQmx1UmlWMDA2Ujl0RzNqU3RpSVo2eXl6TjBOTHhCVDF5dUhKMWNxWThsMU5aQWF5WXpiSVBhNld5OWRVZlVSTSUyQmN0enJzUjhJcEh4aXVDQjBIVDJrYUNXSW9WVW40bUtZQVlzNXUwWEp2Z3glMkZZc1lLcTR0MXQ1a2RvREN0Z0h6YTBabGhGSkRWT3lra3lDUmZtSkQyN3JUamlsSHRJSkhJdGo0bVpTaGNDWlNtV3lkdmxsUW5VVkNkTTZ2bTk2N2twcVR5cWx4cE5NVVc1VWIyYTlFUW1Bdm54QmpnUnJlV2pUMGI5Q2pZRTdWQ3Uyak9rcFd0cm5VZXV1TmF1TmhGQUNBa2J6NWFyUzBiM0I0WndncU1jZUV1RlFKTE9ZSGZ6MkVJVnI1SHVBdWc5Yk4yY21leUtwYXRCY2cxJTJCSzlIeXBkekVkc0xjcU9vTEZMSklnbGElMkZQWDU5a3c0eGdvUFlHNk5vUVVhNldiWFhxUDRNUzcxQ2pkTVd6cklvYTZUT2NzdXU4NXByMCUyRkxGRWx4bERlS2FjU1JnOUlWTEpwSUVadnlqZ0JrNkt6ZGxFTmcwN3Y5dm5LRHZzUTVuUTNPV2tZYnNrJTJGTiUyRjJnJTJGZnRaaGdnQ1h3cEhPSEF1bG5nOVlSNUtuSnFQbURKJTJCd1FoVU9kY0luM1d6Mkd1a0tvMHdsTHVhd1FZNml3SyUyQm41dllBU3B1a1RJTnFKT0gyRHRYVlVVMmJlWURBQlJCTjg3QW1OYUVyZXdtJTJCQTRxZThpRDA5ZTcyNmU1UVZkeGF1QVFHckFjaG5aZDBySHI2RlB0bWNrNnRma2taS3d4YWh0ZmxXMFhZdFlVMG1MV0JYRzJnMkp3TGNsSjFic3hsTEdBSEpHc1FQTDV1OTNtUWc1bGtvSmtDeWklMkJjWVdwcXN5WGF1UFZxaDN0dDVRTzU3aTRIMDZhMlNTdHpIeUZveTRNWTJkcEVGVG5QVDNvbXdnbmpLRnBQSSUyQmZyWHpPM0xLa2JRMHNOMFhyWVhoczNWJTJGYnJXZktBeXI2WkdhQ2FRQmwyVzJwRXhJc2tWRVN1VmtFd0llTVliOGZVeVNtc1gxMlhTcUhpdU1JU1Nxd3hNendEVyUyQmw5c2hWWldMVjB2eUpUQ1hwZWMzZlJXV3cxYWRaZUk2WUdLWnpQYkNxOENJJTNEJlgtQW16LVNpZ25lZEhlYWRlcnM9aG9zdCUzQngtazhzLWF3cy1pZCZYLUFtei1TaWduYXR1cmU9NTViZWNhOTA4Zjc5MDA4NzA5ZDYxZDM5ZTA1ODA1YTE1ODM3ZWExMTlkZGQ5NmFjNmYwODdkYjQwNDM0NGUzNA"
          },
          "sensitive_attributes": [
            [
              {
                "type": "get_attr",
                "value": "token"
              }
            ]
          ]
        }
      ]
    },
    {
      "mode": "managed",
      "type": "aws_eks_cluster",
      "name": "eks",
      "provider": "provider[\"registry.terraform.io/hashicorp/aws\"]",
      "instances": [
        {
          "schema_version": 1,
          "attributes": {
            "access_config": [
              {
                "authentication_mode": "CONFIG_MAP",
                "bootstrap_cluster_creator_admin_permissions": true
              }
            ],
            "arn": "arn:aws:eks:us-west-2:047719620374:cluster/wiz-eks-cluster",
            "bootstrap_self_managed_addons": true,
            "certificate_authority": [
              {
                "data": "LS0tLS1CRUdJTiBDRVJUSUZJQ0FURS0tLS0tCk1JSURCVENDQWUyZ0F3SUJBZ0lJT0dJWnlHZGgraFF3RFFZSktvWklodmNOQVFFTEJRQXdGVEVUTUJFR0ExVUUKQXhNS2EzVmlaWEp1WlhSbGN6QWVGdzB5TlRBMU1UWXdNekF6TkRSYUZ3MHpOVEExTVRRd016QTRORFJhTUJVeApFekFSQmdOVkJBTVRDbXQxWW1WeWJtVjBaWE13Z2dFaU1BMEdDU3FHU0liM0RRRUJBUVVBQTRJQkR3QXdnZ0VLCkFvSUJBUUNybXIyYURyMlA3QTZZS0t6WG1uczhyeFRjS1dXRW4rUUtqSHQ1aGhqOXJVWHh6a2hsanpBYzRpQ20KVklwbzFySGVXZUVWMVdvVk9Rbk1Yb3g1ODZlU1BESTBrZmJIRzQyYVV5OExVQjRtR1ZlMzhxTEJuK0VHVGFUbwp3dlIvMTAvNjVWZWR6K1Z3eVZDV1EzYmQvbmZIZ3VwcGF0YjNqTU5nbk5LbUc0SEo0NUlJYTlwUnZPWktDRnluCjRTRnZpWDhmL1J0WXg0SGtxeHFCZlQ5U1ROa25JajVPOXVLZ3paZkJhQmRrcFpEalpqZzJCN1pCT01qNm0waHgKNllvNXBJY0dtY2F3TFF3aTlDY0lqRG5YcVhWZ1Q2RzRqZTJ1VW80MG9PT1c5ZTlvb1Vhck9jc3RXTWFXVitFMQpWa2o2VXFhTHlpdnJqemxlZkRwemxMcWdpZWxsQWdNQkFBR2pXVEJYTUE0R0ExVWREd0VCL3dRRUF3SUNwREFQCkJnTlZIUk1CQWY4RUJUQURBUUgvTUIwR0ExVWREZ1FXQkJRZjhwSS95a255eWgvcHVxUGZBYXUxeDVxdDZqQVYKQmdOVkhSRUVEakFNZ2dwcmRXSmxjbTVsZEdWek1BMEdDU3FHU0liM0RRRUJDd1VBQTRJQkFRQ085NDBWL1NhUgpmQklpU1hpbVhWdndHaFVXWG1EZGFkTVNqelZRclIrem90K2hxQS9aNStERVliQkdRK0cwd0dwbnpUN3JQN1pHCmx1ZGRVL1RyU1k2SkdOcS93YVIwb3pXQ0swY3F3cUYveFlHSEVqeG1xYVZtS0pPN1cxL3g4SkxhbG9TbE93cy8KQ0dDVWN5NXRtNStEVDRpM0JRUVY1ckFmQTZhT090S0JYZi9VUHhoSHVrL1Vub3V1V1hCK3FId2d3cXcrWTYxeQorZDBoV0tIbTZPNWFST2g5bHd1RndTT1RyYk42bFA4UVE5RUpOeFFMTEZ1aTJEdG52NWhrUi82WUsvOGFRYjVYCmlkUTQ0OHQxYVYwUWphbUlzZmx1cXZmQXNIb3dXblU3NVFQbUdBMWtzRGsySUdjN25LQzlERzMxejZBRXY4YWgKdzU3WDE0N1ZHU0FrCi0tLS0tRU5EIENFUlRJRklDQVRFLS0tLS0K"
              }
            ],
            "cluster_id": null,
            "compute_config": [],
            "created_at": "2025-05-16T03:04:22Z",
            "enabled_cluster_log_types": [],
            "encryption_config": [],
            "endpoint": "https://A756686EEDC197E830544142EEDFBDD6.gr7.us-west-2.eks.amazonaws.com",
            "force_update_version": null,
            "id": "wiz-eks-cluster",
            "identity": [
              {
                "oidc": [
                  {
                    "issuer": "https://oidc.eks.us-west-2.amazonaws.com/id/A756686EEDC197E830544142EEDFBDD6"
                  }
                ]
              }
            ],
            "kubernetes_network_config": [
              {
                "elastic_load_balancing": [
                  {
                    "enabled": false
                  }
                ],
                "ip_family": "ipv4",
                "service_ipv4_cidr": "172.20.0.0/16",
                "service_ipv6_cidr": ""
              }
            ],
            "name": "wiz-eks-cluster",
            "outpost_config": [],
            "platform_version": "eks.10",
            "remote_network_config": [],
            "role_arn": "arn:aws:iam::047719620374:role/wiz-eks-cluster-role",
            "status": "ACTIVE",
            "storage_config": [],
            "tags": {},
            "tags_all": {},
            "timeouts": null,
            "upgrade_policy": [
              {
                "support_type": "EXTENDED"
              }
            ],
            "version": "1.32",
            "vpc_config": [
              {
                "cluster_security_group_id": "sg-0653d602f53049af0",
                "endpoint_private_access": false,
                "endpoint_public_access": true,
                "public_access_cidrs": [
                  "0.0.0.0/0"
                ],
                "security_group_ids": [],
                "subnet_ids": [
                  "subnet-01b3941af4a3029a6",
                  "subnet-05ddf9bb089530075"
                ],
                "vpc_id": "vpc-0f7f01216d8ccb7db"
              }
            ],
            "zonal_shift_config": []
          },
          "sensitive_attributes": [],
          "private": "eyJlMmJmYjczMC1lY2FhLTExZTYtOGY4OC0zNDM2M2JjN2M0YzAiOnsiY3JlYXRlIjoxODAwMDAwMDAwMDAwLCJkZWxldGUiOjkwMDAwMDAwMDAwMCwidXBkYXRlIjozNjAwMDAwMDAwMDAwfSwic2NoZW1hX3ZlcnNpb24iOiIxIn0=",
          "dependencies": [
            "aws_iam_role.eks_cluster_role",
            "aws_iam_role_policy_attachment.eks_cluster_policy"
          ]
        }
      ]
    },
    {
      "mode": "managed",
      "type": "aws_eks_node_group",
      "name": "node_group",
      "provider": "provider[\"registry.terraform.io/hashicorp/aws\"]",
      "instances": [
        {
          "schema_version": 0,
          "attributes": {
            "ami_type": "AL2023_x86_64_STANDARD",
            "arn": "arn:aws:eks:us-west-2:047719620374:nodegroup/wiz-eks-cluster/wiz-eks-nodegroup/04cb6b89-4920-76d4-0317-1635130b1d12",
            "capacity_type": "ON_DEMAND",
            "cluster_name": "wiz-eks-cluster",
            "disk_size": 20,
            "force_update_version": null,
            "id": "wiz-eks-cluster:wiz-eks-nodegroup",
            "instance_types": [
              "t3.medium"
            ],
            "labels": {},
            "launch_template": [],
            "node_group_name": "wiz-eks-nodegroup",
            "node_group_name_prefix": "",
            "node_repair_config": [],
            "node_role_arn": "arn:aws:iam::047719620374:role/wiz-eks-node-role",
            "release_version": "1.32.3-20250514",
            "remote_access": [],
            "resources": [
              {
                "autoscaling_groups": [
                  {
                    "name": "eks-wiz-eks-nodegroup-04cb6b89-4920-76d4-0317-1635130b1d12"
                  }
                ],
                "remote_access_security_group_id": ""
              }
            ],
            "scaling_config": [
              {
                "desired_size": 1,
                "max_size": 1,
                "min_size": 1
              }
            ],
            "status": "ACTIVE",
            "subnet_ids": [
              "subnet-01b3941af4a3029a6",
              "subnet-05ddf9bb089530075"
            ],
            "tags": {},
            "tags_all": {},
            "taint": [],
            "timeouts": null,
            "update_config": [
              {
                "max_unavailable": 1,
                "max_unavailable_percentage": 0
              }
            ],
            "version": "1.32"
          },
          "sensitive_attributes": [],
          "private": "eyJlMmJmYjczMC1lY2FhLTExZTYtOGY4OC0zNDM2M2JjN2M0YzAiOnsiY3JlYXRlIjozNjAwMDAwMDAwMDAwLCJkZWxldGUiOjM2MDAwMDAwMDAwMDAsInVwZGF0ZSI6MzYwMDAwMDAwMDAwMH19",
          "dependencies": [
            "aws_eks_cluster.eks",
            "aws_iam_role.eks_cluster_role",
            "aws_iam_role.eks_node_role",
            "aws_iam_role_policy_attachment.eks_cluster_policy",
            "aws_iam_role_policy_attachment.eks_cni",
            "aws_iam_role_policy_attachment.eks_registry",
            "aws_iam_role_policy_attachment.eks_worker_node"
          ]
        }
      ]
    },
    {
      "mode": "managed",
      "type": "aws_iam_role",
      "name": "eks_cluster_role",
      "provider": "provider[\"registry.terraform.io/hashicorp/aws\"]",
      "instances": [
        {
          "schema_version": 0,
          "attributes": {
            "arn": "arn:aws:iam::047719620374:role/wiz-eks-cluster-role",
            "assume_role_policy": "{\"Statement\":[{\"Action\":\"sts:AssumeRole\",\"Effect\":\"Allow\",\"Principal\":{\"Service\":\"eks.amazonaws.com\"}}],\"Version\":\"2012-10-17\"}",
            "create_date": "2025-05-16T03:04:19Z",
            "description": "",
            "force_detach_policies": false,
            "id": "wiz-eks-cluster-role",
            "inline_policy": [],
            "managed_policy_arns": [
              "arn:aws:iam::aws:policy/AmazonEKSClusterPolicy"
            ],
            "max_session_duration": 3600,
            "name": "wiz-eks-cluster-role",
            "name_prefix": "",
            "path": "/",
            "permissions_boundary": "",
            "tags": {},
            "tags_all": {},
            "unique_id": "AROAQWHCPT4LGYM4BW33W"
          },
          "sensitive_attributes": [],
          "private": "bnVsbA=="
        }
      ]
    },
    {
      "mode": "managed",
      "type": "aws_iam_role",
      "name": "eks_node_role",
      "provider": "provider[\"registry.terraform.io/hashicorp/aws\"]",
      "instances": [
        {
          "schema_version": 0,
          "attributes": {
            "arn": "arn:aws:iam::047719620374:role/wiz-eks-node-role",
            "assume_role_policy": "{\"Statement\":[{\"Action\":\"sts:AssumeRole\",\"Effect\":\"Allow\",\"Principal\":{\"Service\":\"ec2.amazonaws.com\"}}],\"Version\":\"2012-10-17\"}",
            "create_date": "2025-05-16T03:04:19Z",
            "description": "",
            "force_detach_policies": false,
            "id": "wiz-eks-node-role",
            "inline_policy": [],
            "managed_policy_arns": [
              "arn:aws:iam::aws:policy/AmazonEC2ContainerRegistryReadOnly",
              "arn:aws:iam::aws:policy/AmazonEKSWorkerNodePolicy",
              "arn:aws:iam::aws:policy/AmazonEKS_CNI_Policy"
            ],
            "max_session_duration": 3600,
            "name": "wiz-eks-node-role",
            "name_prefix": "",
            "path": "/",
            "permissions_boundary": "",
            "tags": {},
            "tags_all": {},
            "unique_id": "AROAQWHCPT4LLWTY4ZSFO"
          },
          "sensitive_attributes": [],
          "private": "bnVsbA=="
        }
      ]
    },
    {
      "mode": "managed",
      "type": "aws_iam_role_policy_attachment",
      "name": "eks_cluster_policy",
      "provider": "provider[\"registry.terraform.io/hashicorp/aws\"]",
      "instances": [
        {
          "schema_version": 0,
          "attributes": {
            "id": "wiz-eks-cluster-role-20250516030420356800000002",
            "policy_arn": "arn:aws:iam::aws:policy/AmazonEKSClusterPolicy",
            "role": "wiz-eks-cluster-role"
          },
          "sensitive_attributes": [],
          "private": "bnVsbA==",
          "dependencies": [
            "aws_iam_role.eks_cluster_role"
          ]
        }
      ]
    },
    {
      "mode": "managed",
      "type": "aws_iam_role_policy_attachment",
      "name": "eks_cni",
      "provider": "provider[\"registry.terraform.io/hashicorp/aws\"]",
      "instances": [
        {
          "schema_version": 0,
          "attributes": {
            "id": "wiz-eks-node-role-20250516030420348300000001",
            "policy_arn": "arn:aws:iam::aws:policy/AmazonEKS_CNI_Policy",
            "role": "wiz-eks-node-role"
          },
          "sensitive_attributes": [],
          "private": "bnVsbA==",
          "dependencies": [
            "aws_iam_role.eks_node_role"
          ]
        }
      ]
    },
    {
      "mode": "managed",
      "type": "aws_iam_role_policy_attachment",
      "name": "eks_registry",
      "provider": "provider[\"registry.terraform.io/hashicorp/aws\"]",
      "instances": [
        {
          "schema_version": 0,
          "attributes": {
            "id": "wiz-eks-node-role-20250516030420478200000003",
            "policy_arn": "arn:aws:iam::aws:policy/AmazonEC2ContainerRegistryReadOnly",
            "role": "wiz-eks-node-role"
          },
          "sensitive_attributes": [],
          "private": "bnVsbA==",
          "dependencies": [
            "aws_iam_role.eks_node_role"
          ]
        }
      ]
    },
    {
      "mode": "managed",
      "type": "aws_iam_role_policy_attachment",
      "name": "eks_worker_node",
      "provider": "provider[\"registry.terraform.io/hashicorp/aws\"]",
      "instances": [
        {
          "schema_version": 0,
          "attributes": {
            "id": "wiz-eks-node-role-20250516030420484700000004",
            "policy_arn": "arn:aws:iam::aws:policy/AmazonEKSWorkerNodePolicy",
            "role": "wiz-eks-node-role"
          },
          "sensitive_attributes": [],
          "private": "bnVsbA==",
          "dependencies": [
            "aws_iam_role.eks_node_role"
          ]
        }
      ]
    }
  ],
  "check_results": null
}
